
Microsoft Visual Studio Solution File, Format Version 12.00
# Visual Studio Version 16
VisualStudioVersion = 25.0.1706.0
MinimumVisualStudioVersion = 10.0.40219.1
Project("{FAE04EC0-301F-11D3-BF4B-00C04F79EFBC}") = "YngveHestem.BytesPreview.Maui", "YngveHestem.BytesPreview.Maui\YngveHestem.BytesPreview.Maui.csproj", "{6B349E69-D83F-4580-94E5-879F249D7076}"
EndProject
Global
	GlobalSection(SolutionConfigurationPlatforms) = preSolution
		Debug|Any CPU = Debug|Any CPU
		Release|Any CPU = Release|Any CPU
	EndGlobalSection
	GlobalSection(ProjectConfigurationPlatforms) = postSolution
		{6B349E69-D83F-4580-94E5-879F249D7076}.Debug|Any CPU.ActiveCfg = Debug|Any CPU
		{6B349E69-D83F-4580-94E5-879F249D7076}.Debug|Any CPU.Build.0 = Debug|Any CPU
		{6B349E69-D83F-4580-94E5-879F249D7076}.Release|Any CPU.ActiveCfg = Release|Any CPU
		{6B349E69-D83F-4580-94E5-879F249D7076}.Release|Any CPU.Build.0 = Release|Any CPU
	EndGlobalSection
	GlobalSection(SolutionProperties) = preSolution
		HideSolutionNode = FALSE
	EndGlobalSection
	GlobalSection(ExtensibilityGlobals) = postSolution
		SolutionGuid = {08398298-58C4-4C38-BFF4-75375EC86A63}
	EndGlobalSection
EndGlobal
